{
  "nodes": {
    "crane": {
      "locked": {
        "lastModified": 1745454774,
        "narHash": "sha256-oLvmxOnsEKGtwczxp/CwhrfmQUG2ym24OMWowcoRhH8=",
        "owner": "ipetkov",
        "repo": "crane",
        "rev": "efd36682371678e2b6da3f108fdb5c613b3ec598",
        "type": "github"
      },
      "original": {
        "owner": "ipetkov",
        "ref": "v0.20.3",
        "repo": "crane",
        "type": "github"
      }
    },
    "crane_2": {
      "locked": {
        "lastModified": 1762536088,
        "narHash": "sha256-wuyhKeT5Vhk2xcEYySolJc9fRY9M9VoOOlYBizyQkXs=",
        "owner": "ipetkov",
        "repo": "crane",
        "rev": "c43a1f1ad9ff376107106b2c1173da9c88ae07ea",
        "type": "github"
      },
      "original": {
        "owner": "ipetkov",
        "ref": "v0.21.2",
        "repo": "crane",
        "type": "github"
      }
    },
    "crane_3": {
      "locked": {
        "lastModified": 1762536088,
        "narHash": "sha256-wuyhKeT5Vhk2xcEYySolJc9fRY9M9VoOOlYBizyQkXs=",
        "owner": "ipetkov",
        "repo": "crane",
        "rev": "c43a1f1ad9ff376107106b2c1173da9c88ae07ea",
        "type": "github"
      },
      "original": {
        "owner": "ipetkov",
        "ref": "v0.21.2",
        "repo": "crane",
        "type": "github"
      }
    },
    "d4": {
      "inputs": {
        "nixpkgs": "nixpkgs"
      },
      "locked": {
        "lastModified": 1754581077,
        "narHash": "sha256-qAPZsTvHUC8KS57HVeO4mhn7CQQPchEiTMr95UTVH9s=",
        "owner": "SoftVarE-Group",
        "repo": "d4v2",
        "rev": "a467874c9981df25eac649bb3401d40422f4449a",
        "type": "github"
      },
      "original": {
        "owner": "SoftVarE-Group",
        "ref": "2.3.2",
        "repo": "d4v2",
        "type": "github"
      }
    },
    "ddnnife": {
      "inputs": {
        "crane": "crane",
        "fenix": "fenix",
        "nixpkgs": [
          "nixpkgs"
        ]
      },
      "locked": {
        "lastModified": 1757675033,
        "narHash": "sha256-grdiVsWQHnQj0XzAyTbC+ZctbQVxQcqwUjzAKpyduPY=",
        "owner": "SoftVarE-Group",
        "repo": "d-dnnf-reasoner",
        "rev": "bb698fbfaa8332f68debef193ae8e6feb31b4937",
        "type": "github"
      },
      "original": {
        "owner": "SoftVarE-Group",
        "ref": "0.10.0",
        "repo": "d-dnnf-reasoner",
        "type": "github"
      }
    },
    "fenix": {
      "inputs": {
        "nixpkgs": [
          "ddnnife",
          "nixpkgs"
        ],
        "rust-analyzer-src": "rust-analyzer-src"
      },
      "locked": {
        "lastModified": 1757400094,
        "narHash": "sha256-5Rcs6juMoMTaMJSR1glravl4QB9yLAFBD8s7KLi4kdQ=",
        "owner": "nix-community",
        "repo": "fenix",
        "rev": "0682b9b518792c9428865c511a4c40c9ad85c243",
        "type": "github"
      },
      "original": {
        "owner": "nix-community",
        "repo": "fenix",
        "type": "github"
      }
    },
    "fenix_2": {
      "inputs": {
        "nixpkgs": [
          "opb2pbcount",
          "nixpkgs"
        ],
        "rust-analyzer-src": "rust-analyzer-src_2"
      },
      "locked": {
        "lastModified": 1764571808,
        "narHash": "sha256-+oo9W5rz03TjfpNqDSLEQwgKiuBbjrHdORyTHli2RuM=",
        "owner": "nix-community",
        "repo": "fenix",
        "rev": "df3c2e78ec13418f85c1f26e77a50f865ec57d38",
        "type": "github"
      },
      "original": {
        "owner": "nix-community",
        "repo": "fenix",
        "type": "github"
      }
    },
    "fenix_3": {
      "inputs": {
        "nixpkgs": [
          "p2d",
          "nixpkgs"
        ],
        "rust-analyzer-src": "rust-analyzer-src_3"
      },
      "locked": {
        "lastModified": 1765003156,
        "narHash": "sha256-k4YrPUhRj7Ciq385vREU57RHiDFycY5RaJwdCOmsLhU=",
        "owner": "nix-community",
        "repo": "fenix",
        "rev": "e8361cc010853d17740a63aae00385061ac9de51",
        "type": "github"
      },
      "original": {
        "owner": "nix-community",
        "repo": "fenix",
        "type": "github"
      }
    },
    "nixpkgs": {
      "locked": {
        "lastModified": 1754292888,
        "narHash": "sha256-1ziydHSiDuSnaiPzCQh1mRFBsM2d2yRX9I+5OPGEmIE=",
        "owner": "NixOS",
        "repo": "nixpkgs",
        "rev": "ce01daebf8489ba97bd1609d185ea276efdeb121",
        "type": "github"
      },
      "original": {
        "owner": "NixOS",
        "ref": "nixos-25.05",
        "repo": "nixpkgs",
        "type": "github"
      }
    },
    "nixpkgs_2": {
      "locked": {
        "lastModified": 1778737229,
        "narHash": "sha256-6xWoytx8jFW4PF1GjRm/i/53trbpKGfz6zjzQGBr4cI=",
        "owner": "NixOS",
        "repo": "nixpkgs",
        "rev": "d7a713c0b7e47c908258e71cba7a2d77cc8d71d5",
        "type": "github"
      },
      "original": {
        "owner": "NixOS",
        "ref": "nixos-25.11",
        "repo": "nixpkgs",
        "type": "github"
      }
    },
    "opb2pbcount": {
      "inputs": {
        "crane": "crane_2",
        "fenix": "fenix_2",
        "nixpkgs": [
          "nixpkgs"
        ]
      },
      "locked": {
        "lastModified": 1765299167,
        "narHash": "sha256-0VZHUFzD/1yCc1lxkCMmA195Ox+xrboDGscmibfEfTk=",
        "owner": "uulm-janbaudisch",
        "repo": "opb2pbcount",
        "rev": "c875ac0ef30e15010e35e8739733a32f8a01db54",
        "type": "github"
      },
      "original": {
        "owner": "uulm-janbaudisch",
        "ref": "main",
        "repo": "opb2pbcount",
        "type": "github"
      }
    },
    "p2d": {
      "inputs": {
        "crane": "crane_3",
        "fenix": "fenix_3",
        "nixpkgs": [
          "nixpkgs"
        ]
      },
      "locked": {
        "lastModified": 1765318864,
        "narHash": "sha256-SwS/Wr3vS/gJhlGV6GsjVRb2v63D6m9zBX2g89Y2JKc=",
        "owner": "uulm-janbaudisch",
        "repo": "p2d",
        "rev": "617a33418eb15e47dc7e42e8e3a0e00b76431640",
        "type": "github"
      },
      "original": {
        "owner": "uulm-janbaudisch",
        "ref": "nix",
        "repo": "p2d",
        "type": "github"
      }
    },
    "pbcount": {
      "inputs": {
        "nixpkgs": [
          "nixpkgs"
        ]
      },
      "locked": {
        "lastModified": 1765318423,
        "narHash": "sha256-+ATCX98/8a8j6JrnbYe64PAJS3hJFhfxw1BuAVR4tQY=",
        "ref": "nix",
        "rev": "315fad2d2d3d629033e59503144c2322e98fb630",
        "revCount": 10,
        "submodules": true,
        "type": "git",
        "url": "https://github.com/uulm-janbaudisch/pbcount"
      },
      "original": {
        "ref": "nix",
        "submodules": true,
        "type": "git",
        "url": "https://github.com/uulm-janbaudisch/pbcount"
      }
    },
    "root": {
      "inputs": {
        "d4": "d4",
        "ddnnife": "ddnnife",
        "nixpkgs": "nixpkgs_2",
        "opb2pbcount": "opb2pbcount",
        "p2d": "p2d",
        "pbcount": "pbcount"
      }
    },
    "rust-analyzer-src": {
      "flake": false,
      "locked": {
        "lastModified": 1757362324,
        "narHash": "sha256-/PAhxheUq4WBrW5i/JHzcCqK5fGWwLKdH6/Lu1tyS18=",
        "owner": "rust-lang",
        "repo": "rust-analyzer",
        "rev": "9edc9cbe5d8e832b5864e09854fa94861697d2fd",
        "type": "github"
      },
      "original": {
        "owner": "rust-lang",
        "ref": "nightly",
        "repo": "rust-analyzer",
        "type": "github"
      }
    },
    "rust-analyzer-src_2": {
      "flake": false,
      "locked": {
        "lastModified": 1764525349,
        "narHash": "sha256-vR3vU9AwzMsBvjNeeG2inA5W/2MwseFk5NIIrLFEMHk=",
        "owner": "rust-lang",
        "repo": "rust-analyzer",
        "rev": "d646b23f000d099d845f999c2c1e05b15d9cdc78",
        "type": "github"
      },
      "original": {
        "owner": "rust-lang",
        "ref": "nightly",
        "repo": "rust-analyzer",
        "type": "github"
      }
    },
    "rust-analyzer-src_3": {
      "flake": false,
      "locked": {
        "lastModified": 1764925941,
        "narHash": "sha256-zldc1SrUIhGMdQp+0woSqvBS51Mi8PW6JukONBQXZBY=",
        "owner": "rust-lang",
        "repo": "rust-analyzer",
        "rev": "2cbf3587d36dfc7b701ebb744d3dd5064355d04f",
        "type": "github"
      },
      "original": {
        "owner": "rust-lang",
        "ref": "nightly",
        "repo": "rust-analyzer",
        "type": "github"
      }
    }
  },
  "root": "root",
  "version": 7
}
